
Microsoft Visual Studio Solution File, Format Version 12.00
# Visual Studio 15
VisualStudioVersion = 15.0.28307.1000
MinimumVisualStudioVersion = 10.0.40219.1
Project("{9A19103F-16F7-4668-BE54-9A1E7A4F7556}") = "Bride_Frankenstein", "Bride_Frankstain\Bride_Frankenstein.csproj", "{5F64720D-E5E8-407E-8B6C-DCF486D5AB47}"
EndProject
Project("{FAE04EC0-301F-11D3-BF4B-00C04F79EFBC}") = "FrankenStain.Web", "FrankenStain.Web\FrankenStain.Web.csproj", "{D91D6477-979C-497C-A1B5-A5535A86DD04}"
EndProject
Global
	GlobalSection(SolutionConfigurationPlatforms) = preSolution
		Debug|Any CPU = Debug|Any CPU
		Release|Any CPU = Release|Any CPU
	EndGlobalSection
	GlobalSection(ProjectConfigurationPlatforms) = postSolution
		{5F64720D-E5E8-407E-8B6C-DCF486D5AB47}.Debug|Any CPU.ActiveCfg = Debug|Any CPU
		{5F64720D-E5E8-407E-8B6C-DCF486D5AB47}.Debug|Any CPU.Build.0 = Debug|Any CPU
		{5F64720D-E5E8-407E-8B6C-DCF486D5AB47}.Release|Any CPU.ActiveCfg = Release|Any CPU
		{5F64720D-E5E8-407E-8B6C-DCF486D5AB47}.Release|Any CPU.Build.0 = Release|Any CPU
		{D91D6477-979C-497C-A1B5-A5535A86DD04}.Debug|Any CPU.ActiveCfg = Debug|Any CPU
		{D91D6477-979C-497C-A1B5-A5535A86DD04}.Debug|Any CPU.Build.0 = Debug|Any CPU
		{D91D6477-979C-497C-A1B5-A5535A86DD04}.Release|Any CPU.ActiveCfg = Release|Any CPU
		{D91D6477-979C-497C-A1B5-A5535A86DD04}.Release|Any CPU.Build.0 = Release|Any CPU
	EndGlobalSection
	GlobalSection(SolutionProperties) = preSolution
		HideSolutionNode = FALSE
	EndGlobalSection
	GlobalSection(ExtensibilityGlobals) = postSolution
		SolutionGuid = {7A70A215-5392-46D1-942C-1E6B810E4413}
	EndGlobalSection
EndGlobal
